<?xml version="1.0" encoding="utf-8"?>
<Project ToolsVersion="4.0" xmlns="http://schemas.microsoft.com/developer/msbuild/2003">
  <ItemGroup>
    <Filter Include="Source Files">
      <UniqueIdentifier>{B1F27843-FECA-1BAD-5F33-7BE80000002E}</UniqueIdentifier>
      <Extensions>cpp;cxx;cc;c;C</Extensions>
    </Filter>
    <Filter Include="Header Files">
      <UniqueIdentifier>{06319535-FECA-1BAD-5F33-7BE80000002E}</UniqueIdentifier>
      <Extensions>h;hpp;hxx;hh</Extensions>
    </Filter>
    <Filter Include="Inline Files">
      <UniqueIdentifier>{763028EF-FECA-1BAD-5F33-7BE80000002E}</UniqueIdentifier>
      <Extensions>i;ipp;inl</Extensions>
    </Filter>
    <Filter Include="Template Files">
      <UniqueIdentifier>{5635C877-FECA-1BAD-5F33-7BE80000002E}</UniqueIdentifier>
    </Filter>
  </ItemGroup>
  <ItemGroup>
    <ClCompile Include="Add_Expr_Node.cpp">
      <Filter>Source Files</Filter>
    </ClCompile>
    <ClCompile Include="Binary_Expr_Node.cpp">
      <Filter>Source Files</Filter>
    </ClCompile>
    <ClCompile Include="Calculator.cpp">
      <Filter>Source Files</Filter>
    </ClCompile>
    <ClCompile Include="Div_Expr_Node.cpp">
      <Filter>Source Files</Filter>
    </ClCompile>
    <ClCompile Include="Driver.cpp">
      <Filter>Source Files</Filter>
    </ClCompile>
    <ClCompile Include="Expr_Builder.cpp">
      <Filter>Source Files</Filter>
    </ClCompile>
    <ClCompile Include="Expr_Node.cpp">
      <Filter>Source Files</Filter>
    </ClCompile>
    <ClCompile Include="Expr_Node_Postorder_Visitor.cpp">
      <Filter>Source Files</Filter>
    </ClCompile>
    <ClCompile Include="Expr_Node_Visitor.cpp">
      <Filter>Source Files</Filter>
    </ClCompile>
    <ClCompile Include="Expr_Tree.cpp">
      <Filter>Source Files</Filter>
    </ClCompile>
    <ClCompile Include="Expr_Tree_Builder.cpp">
      <Filter>Source Files</Filter>
    </ClCompile>
    <ClCompile Include="Mod_Expr_Node.cpp">
      <Filter>Source Files</Filter>
    </ClCompile>
    <ClCompile Include="Mul_Expr_Node.cpp">
      <Filter>Source Files</Filter>
    </ClCompile>
    <ClCompile Include="Num_Expr_Node.cpp">
      <Filter>Source Files</Filter>
    </ClCompile>
    <ClCompile Include="Ranked_Expr_Node.cpp">
      <Filter>Source Files</Filter>
    </ClCompile>
    <ClCompile Include="Sub_Expr_Node.cpp">
      <Filter>Source Files</Filter>
    </ClCompile>
    <ClCompile Include="Unary_Expr_Node.cpp">
      <Filter>Source Files</Filter>
    </ClCompile>
    <ClCompile Include="Utility_Node.cpp">
      <Filter>Source Files</Filter>
    </ClCompile>
    <ClCompile Include="Var_Expr_Node.cpp">
      <Filter>Source Files</Filter>
    </ClCompile>
    <ClCompile Include="Var_Expr_Node_Check_Name_Visitor.cpp">
      <Filter>Source Files</Filter>
    </ClCompile>
    <ClCompile Include="Var_Expr_Node_Inorder_Visitor.cpp">
      <Filter>Source Files</Filter>
    </ClCompile>
  </ItemGroup>
  <ItemGroup>
    <ClInclude Include="Add_Expr_Node.h">
      <Filter>Header Files</Filter>
    </ClInclude>
    <ClInclude Include="Array.h">
      <Filter>Header Files</Filter>
    </ClInclude>
    <ClInclude Include="Array_Base.h">
      <Filter>Header Files</Filter>
    </ClInclude>
    <ClInclude Include="Array_Iterator.h">
      <Filter>Header Files</Filter>
    </ClInclude>
    <ClInclude Include="Binary_Expr_Node.h">
      <Filter>Header Files</Filter>
    </ClInclude>
    <ClInclude Include="Calculator.h">
      <Filter>Header Files</Filter>
    </ClInclude>
    <ClInclude Include="Div_Expr_Node.h">
      <Filter>Header Files</Filter>
    </ClInclude>
    <ClInclude Include="Expr_Builder.h">
      <Filter>Header Files</Filter>
    </ClInclude>
    <ClInclude Include="Expr_Node.h">
      <Filter>Header Files</Filter>
    </ClInclude>
    <ClInclude Include="Expr_Node_Postorder_Visitor.h">
      <Filter>Header Files</Filter>
    </ClInclude>
    <ClInclude Include="Expr_Node_Visitor.h">
      <Filter>Header Files</Filter>
    </ClInclude>
    <ClInclude Include="Expr_Tree.h">
      <Filter>Header Files</Filter>
    </ClInclude>
    <ClInclude Include="Expr_Tree_Builder.h">
      <Filter>Header Files</Filter>
    </ClInclude>
    <ClInclude Include="Mod_Expr_Node.h">
      <Filter>Header Files</Filter>
    </ClInclude>
    <ClInclude Include="Mul_Expr_Node.h">
      <Filter>Header Files</Filter>
    </ClInclude>
    <ClInclude Include="Num_Expr_Node.h">
      <Filter>Header Files</Filter>
    </ClInclude>
    <ClInclude Include="Ranked_Expr_Node.h">
      <Filter>Header Files</Filter>
    </ClInclude>
    <ClInclude Include="Stack.h">
      <Filter>Header Files</Filter>
    </ClInclude>
    <ClInclude Include="Sub_Expr_Node.h">
      <Filter>Header Files</Filter>
    </ClInclude>
    <ClInclude Include="Unary_Expr_Node.h">
      <Filter>Header Files</Filter>
    </ClInclude>
    <ClInclude Include="Utility_Node.h">
      <Filter>Header Files</Filter>
    </ClInclude>
    <ClInclude Include="Var_Expr_Node.h">
      <Filter>Header Files</Filter>
    </ClInclude>
    <ClInclude Include="Var_Expr_Node_Check_Name_Visitor.h">
      <Filter>Header Files</Filter>
    </ClInclude>
    <ClInclude Include="Var_Expr_Node_Inorder_Visitor.h">
      <Filter>Header Files</Filter>
    </ClInclude>
  </ItemGroup>
  <ItemGroup>
    <None Include="Array.inl">
      <Filter>Inline Files</Filter>
    </None>
    <None Include="Array_Base.inl">
      <Filter>Inline Files</Filter>
    </None>
    <None Include="Stack.inl">
      <Filter>Inline Files</Filter>
    </None>
  </ItemGroup>
  <ItemGroup>
    <ClCompile Include="Array.h">
      <Filter>Template Files</Filter>
    </ClCompile>
    <ClCompile Include="Array_Base.h">
      <Filter>Template Files</Filter>
    </ClCompile>
    <ClCompile Include="Array_Iterator.h">
      <Filter>Template Files</Filter>
    </ClCompile>
    <ClCompile Include="Stack.h">
      <Filter>Template Files</Filter>
    </ClCompile>
  </ItemGroup>
</Project>
